
Microsoft Visual Studio Solution File, Format Version 12.00
# Visual Studio Version 17
VisualStudioVersion = 17.13.35825.156 d17.13
MinimumVisualStudioVersion = 10.0.40219.1
Project("{FAE04EC0-301F-11D3-BF4B-00C04F79EFBC}") = "nimblist", "nimblist\nimblist.csproj", "{EDF6D791-3C64-4737-9E20-A7F5C985B836}"
EndProject
Global
	GlobalSection(SolutionConfigurationPlatforms) = preSolution
		Debug|Any CPU = Debug|Any CPU
		Release|Any CPU = Release|Any CPU
	EndGlobalSection
	GlobalSection(ProjectConfigurationPlatforms) = postSolution
		{EDF6D791-3C64-4737-9E20-A7F5C985B836}.Debug|Any CPU.ActiveCfg = Debug|Any CPU
		{EDF6D791-3C64-4737-9E20-A7F5C985B836}.Debug|Any CPU.Build.0 = Debug|Any CPU
		{EDF6D791-3C64-4737-9E20-A7F5C985B836}.Release|Any CPU.ActiveCfg = Release|Any CPU
		{EDF6D791-3C64-4737-9E20-A7F5C985B836}.Release|Any CPU.Build.0 = Release|Any CPU
	EndGlobalSection
	GlobalSection(SolutionProperties) = preSolution
		HideSolutionNode = FALSE
	EndGlobalSection
	GlobalSection(ExtensibilityGlobals) = postSolution
		SolutionGuid = {ADFCF2A7-04F7-43F4-BBB7-426773FDCA51}
	EndGlobalSection
EndGlobal
